
Microsoft Visual Studio Solution File, Format Version 12.00
# Visual Studio Version 17
VisualStudioVersion = 17.0.31903.59
MinimumVisualStudioVersion = 10.0.40219.1
Project("{FAE04EC0-301F-11D3-BF4B-00C04F79EFBC}") = "QueryMaster", "QueryMaster\QueryMaster.csproj", "{6789CFE1-B043-492E-9E24-881B640E599F}"
EndProject
Project("{FAE04EC0-301F-11D3-BF4B-00C04F79EFBC}") = "ServerBrowser.Core", "ServerBrowser.Core\ServerBrowser.Core.csproj", "{116ED8D1-B16A-441E-B4CD-19DCA51DC189}"
EndProject
Project("{FAE04EC0-301F-11D3-BF4B-00C04F79EFBC}") = "ServerBrowser.Desktop", "ServerBrowser.Desktop\ServerBrowser.Desktop.csproj", "{6B3C2775-FDFD-45E5-9431-C028CF2C1A23}"
EndProject
Project("{FAE04EC0-301F-11D3-BF4B-00C04F79EFBC}") = "ServerBrowser.Tests", "ServerBrowser.Tests\ServerBrowser.Tests.csproj", "{E9D41219-3308-4378-A4C7-985FB6BBAE76}"
EndProject
Project("{2150E333-8FDC-42A3-9474-1A3956D46DE8}") = "packaging", "packaging", "{E927F87B-A585-A586-52B2-1371051E189F}"
EndProject
Project("{FAE04EC0-301F-11D3-BF4B-00C04F79EFBC}") = "Packager", "packaging\Packager.csproj", "{1BBE3E2D-0628-4A98-8D77-5A0908298B39}"
EndProject
Global
	GlobalSection(SolutionConfigurationPlatforms) = preSolution
		Debug|Any CPU = Debug|Any CPU
		Debug|x64 = Debug|x64
		Debug|x86 = Debug|x86
		Release|Any CPU = Release|Any CPU
		Release|x64 = Release|x64
		Release|x86 = Release|x86
	EndGlobalSection
	GlobalSection(ProjectConfigurationPlatforms) = postSolution
		{6789CFE1-B043-492E-9E24-881B640E599F}.Debug|Any CPU.ActiveCfg = Debug|Any CPU
		{6789CFE1-B043-492E-9E24-881B640E599F}.Debug|Any CPU.Build.0 = Debug|Any CPU
		{6789CFE1-B043-492E-9E24-881B640E599F}.Debug|x64.ActiveCfg = Debug|Any CPU
		{6789CFE1-B043-492E-9E24-881B640E599F}.Debug|x64.Build.0 = Debug|Any CPU
		{6789CFE1-B043-492E-9E24-881B640E599F}.Debug|x86.ActiveCfg = Debug|Any CPU
		{6789CFE1-B043-492E-9E24-881B640E599F}.Debug|x86.Build.0 = Debug|Any CPU
		{6789CFE1-B043-492E-9E24-881B640E599F}.Release|Any CPU.ActiveCfg = Release|Any CPU
		{6789CFE1-B043-492E-9E24-881B640E599F}.Release|Any CPU.Build.0 = Release|Any CPU
		{6789CFE1-B043-492E-9E24-881B640E599F}.Release|x64.ActiveCfg = Release|Any CPU
		{6789CFE1-B043-492E-9E24-881B640E599F}.Release|x64.Build.0 = Release|Any CPU
		{6789CFE1-B043-492E-9E24-881B640E599F}.Release|x86.ActiveCfg = Release|Any CPU
		{6789CFE1-B043-492E-9E24-881B640E599F}.Release|x86.Build.0 = Release|Any CPU
		{116ED8D1-B16A-441E-B4CD-19DCA51DC189}.Debug|Any CPU.ActiveCfg = Debug|Any CPU
		{116ED8D1-B16A-441E-B4CD-19DCA51DC189}.Debug|Any CPU.Build.0 = Debug|Any CPU
		{116ED8D1-B16A-441E-B4CD-19DCA51DC189}.Debug|x64.ActiveCfg = Debug|Any CPU
		{116ED8D1-B16A-441E-B4CD-19DCA51DC189}.Debug|x64.Build.0 = Debug|Any CPU
		{116ED8D1-B16A-441E-B4CD-19DCA51DC189}.Debug|x86.ActiveCfg = Debug|Any CPU
		{116ED8D1-B16A-441E-B4CD-19DCA51DC189}.Debug|x86.Build.0 = Debug|Any CPU
		{116ED8D1-B16A-441E-B4CD-19DCA51DC189}.Release|Any CPU.ActiveCfg = Release|Any CPU
		{116ED8D1-B16A-441E-B4CD-19DCA51DC189}.Release|Any CPU.Build.0 = Release|Any CPU
		{116ED8D1-B16A-441E-B4CD-19DCA51DC189}.Release|x64.ActiveCfg = Release|Any CPU
		{116ED8D1-B16A-441E-B4CD-19DCA51DC189}.Release|x64.Build.0 = Release|Any CPU
		{116ED8D1-B16A-441E-B4CD-19DCA51DC189}.Release|x86.ActiveCfg = Release|Any CPU
		{116ED8D1-B16A-441E-B4CD-19DCA51DC189}.Release|x86.Build.0 = Release|Any CPU
		{6B3C2775-FDFD-45E5-9431-C028CF2C1A23}.Debug|Any CPU.ActiveCfg = Debug|Any CPU
		{6B3C2775-FDFD-45E5-9431-C028CF2C1A23}.Debug|Any CPU.Build.0 = Debug|Any CPU
		{6B3C2775-FDFD-45E5-9431-C028CF2C1A23}.Debug|x64.ActiveCfg = Debug|Any CPU
		{6B3C2775-FDFD-45E5-9431-C028CF2C1A23}.Debug|x64.Build.0 = Debug|Any CPU
		{6B3C2775-FDFD-45E5-9431-C028CF2C1A23}.Debug|x86.ActiveCfg = Debug|Any CPU
		{6B3C2775-FDFD-45E5-9431-C028CF2C1A23}.Debug|x86.Build.0 = Debug|Any CPU
		{6B3C2775-FDFD-45E5-9431-C028CF2C1A23}.Release|Any CPU.ActiveCfg = Release|Any CPU
		{6B3C2775-FDFD-45E5-9431-C028CF2C1A23}.Release|Any CPU.Build.0 = Release|Any CPU
		{6B3C2775-FDFD-45E5-9431-C028CF2C1A23}.Release|x64.ActiveCfg = Release|Any CPU
		{6B3C2775-FDFD-45E5-9431-C028CF2C1A23}.Release|x64.Build.0 = Release|Any CPU
		{6B3C2775-FDFD-45E5-9431-C028CF2C1A23}.Release|x86.ActiveCfg = Release|Any CPU
		{6B3C2775-FDFD-45E5-9431-C028CF2C1A23}.Release|x86.Build.0 = Release|Any CPU
		{E9D41219-3308-4378-A4C7-985FB6BBAE76}.Debug|Any CPU.ActiveCfg = Debug|Any CPU
		{E9D41219-3308-4378-A4C7-985FB6BBAE76}.Debug|Any CPU.Build.0 = Debug|Any CPU
		{E9D41219-3308-4378-A4C7-985FB6BBAE76}.Debug|x64.ActiveCfg = Debug|Any CPU
		{E9D41219-3308-4378-A4C7-985FB6BBAE76}.Debug|x64.Build.0 = Debug|Any CPU
		{E9D41219-3308-4378-A4C7-985FB6BBAE76}.Debug|x86.ActiveCfg = Debug|Any CPU
		{E9D41219-3308-4378-A4C7-985FB6BBAE76}.Debug|x86.Build.0 = Debug|Any CPU
		{E9D41219-3308-4378-A4C7-985FB6BBAE76}.Release|Any CPU.ActiveCfg = Release|Any CPU
		{E9D41219-3308-4378-A4C7-985FB6BBAE76}.Release|Any CPU.Build.0 = Release|Any CPU
		{E9D41219-3308-4378-A4C7-985FB6BBAE76}.Release|x64.ActiveCfg = Release|Any CPU
		{E9D41219-3308-4378-A4C7-985FB6BBAE76}.Release|x64.Build.0 = Release|Any CPU
		{E9D41219-3308-4378-A4C7-985FB6BBAE76}.Release|x86.ActiveCfg = Release|Any CPU
		{E9D41219-3308-4378-A4C7-985FB6BBAE76}.Release|x86.Build.0 = Release|Any CPU
		{1BBE3E2D-0628-4A98-8D77-5A0908298B39}.Debug|Any CPU.ActiveCfg = Debug|Any CPU
		{1BBE3E2D-0628-4A98-8D77-5A0908298B39}.Debug|Any CPU.Build.0 = Debug|Any CPU
		{1BBE3E2D-0628-4A98-8D77-5A0908298B39}.Debug|x64.ActiveCfg = Debug|Any CPU
		{1BBE3E2D-0628-4A98-8D77-5A0908298B39}.Debug|x64.Build.0 = Debug|Any CPU
		{1BBE3E2D-0628-4A98-8D77-5A0908298B39}.Debug|x86.ActiveCfg = Debug|Any CPU
		{1BBE3E2D-0628-4A98-8D77-5A0908298B39}.Debug|x86.Build.0 = Debug|Any CPU
		{1BBE3E2D-0628-4A98-8D77-5A0908298B39}.Release|Any CPU.ActiveCfg = Release|Any CPU
		{1BBE3E2D-0628-4A98-8D77-5A0908298B39}.Release|Any CPU.Build.0 = Release|Any CPU
		{1BBE3E2D-0628-4A98-8D77-5A0908298B39}.Release|x64.ActiveCfg = Release|Any CPU
		{1BBE3E2D-0628-4A98-8D77-5A0908298B39}.Release|x64.Build.0 = Release|Any CPU
		{1BBE3E2D-0628-4A98-8D77-5A0908298B39}.Release|x86.ActiveCfg = Release|Any CPU
		{1BBE3E2D-0628-4A98-8D77-5A0908298B39}.Release|x86.Build.0 = Release|Any CPU
	EndGlobalSection
	GlobalSection(SolutionProperties) = preSolution
		HideSolutionNode = FALSE
	EndGlobalSection
	GlobalSection(NestedProjects) = preSolution
		{1BBE3E2D-0628-4A98-8D77-5A0908298B39} = {E927F87B-A585-A586-52B2-1371051E189F}
	EndGlobalSection
EndGlobal
