{
  "version": 1,
  "dependencies": {
    "net10.0": {
      "MaxMind.Db": {
        "type": "Direct",
        "requested": "[4.1.0, )",
        "resolved": "4.1.0",
        "contentHash": "lEjCFX0TUQCRmFS8xrXIQSi+4omJ1Fwy0gAHlbnjg8cgSBa0cllP5zOEftQ23EP247EbnF7mNCQ3JsG/bMkHAA=="
      },
      "SharpZipLib": {
        "type": "Transitive",
        "resolved": "1.4.2",
        "contentHash": "yjj+3zgz8zgXpiiC3ZdF/iyTBbz2fFvMxZFEBPUcwZjIvXOf37Ylm+K58hqMfIBt5JgU/Z2uoUS67JmTLe973A=="
      },
      "querymaster": {
        "type": "Project",
        "dependencies": {
          "SharpZipLib": "[1.4.2, )"
        }
      }
    },
    "net10.0/linux-x64": {}
  }
}